
Microsoft Visual Studio Solution File, Format Version 12.00
# Visual Studio 15
VisualStudioVersion = 15.0.27428.2015
MinimumVisualStudioVersion = 10.0.40219.1
Project("{FAE04EC0-301F-11D3-BF4B-00C04F79EFBC}") = "ClaimProject", "ClaimProject\ClaimProject.csproj", "{2D6910DE-2442-49F3-9936-CB75CD28C0DC}"
EndProject
Global
	GlobalSection(SolutionConfigurationPlatforms) = preSolution
		Debug|Any CPU = Debug|Any CPU
		Release|Any CPU = Release|Any CPU
	EndGlobalSection
	GlobalSection(ProjectConfigurationPlatforms) = postSolution
		{2D6910DE-2442-49F3-9936-CB75CD28C0DC}.Debug|Any CPU.ActiveCfg = Debug|Any CPU
		{2D6910DE-2442-49F3-9936-CB75CD28C0DC}.Debug|Any CPU.Build.0 = Debug|Any CPU
		{2D6910DE-2442-49F3-9936-CB75CD28C0DC}.Release|Any CPU.ActiveCfg = Release|Any CPU
		{2D6910DE-2442-49F3-9936-CB75CD28C0DC}.Release|Any CPU.Build.0 = Release|Any CPU
	EndGlobalSection
	GlobalSection(SolutionProperties) = preSolution
		HideSolutionNode = FALSE
	EndGlobalSection
	GlobalSection(ExtensibilityGlobals) = postSolution
		SolutionGuid = {A9F9E406-C0EE-435C-95CC-D91B7F60542E}
	EndGlobalSection
EndGlobal
